{
  "originHash" : "c04e7ff6bbaab0d8e9449e72e5c85dcfa0dd32c7a3c9a3b1f5397f8de57b371d",
  "pins" : [
    {
      "identity" : "assetkit",
      "kind" : "remoteSourceControl",
      "location" : "https://github.com/joshuaswarren/AssetKit",
      "state" : {
        "revision" : "890b8ef031a46099e394682b682eed3541b5cf96"
      }
    },
    {
      "identity" : "h",
      "kind" : "remoteSourceControl",
      "location" : "https://github.com/rarestype/h",
      "state" : {
        "revision" : "aa3626829160917d4378330617971977cbd78f5b",
        "version" : "1.0.1"
      }
    },
    {
      "identity" : "swift-png",
      "kind" : "remoteSourceControl",
      "location" : "https://github.com/tayloraswift/swift-png",
      "state" : {
        "revision" : "8a0bcd4df5e4b307c804937776a56dd6ecdf6396",
        "version" : "4.5.1"
      }
    }
  ],
  "version" : 3
}
