{
  "originHash" : "75738f106243275485dcc35cea4767aa0d2acd9d316e51a84ca38ee25852b79a",
  "pins" : [
    {
      "identity" : "assetkit",
      "kind" : "remoteSourceControl",
      "location" : "https://github.com/joshuaswarren/AssetKit",
      "state" : {
        "revision" : "5d97a01d65b7fd4549ad7d2e1080eddc73f7fbee"
      }
    },
    {
      "identity" : "h",
      "kind" : "remoteSourceControl",
      "location" : "https://github.com/rarestype/h",
      "state" : {
        "revision" : "aa3626829160917d4378330617971977cbd78f5b",
        "version" : "1.0.1"
      }
    },
    {
      "identity" : "swift-png",
      "kind" : "remoteSourceControl",
      "location" : "https://github.com/tayloraswift/swift-png",
      "state" : {
        "revision" : "8a0bcd4df5e4b307c804937776a56dd6ecdf6396",
        "version" : "4.5.1"
      }
    }
  ],
  "version" : 3
}
