{
  "originHash" : "4b483de963df9d1f5beab015d8e0c9cd60fa685f1a4577d8f2e4894b5173cc5f",
  "pins" : [
    {
      "identity" : "assetkit",
      "kind" : "remoteSourceControl",
      "location" : "https://github.com/joshuaswarren/AssetKit",
      "state" : {
        "revision" : "55efa5da613f30730540ad948a95def9794ded91"
      }
    },
    {
      "identity" : "h",
      "kind" : "remoteSourceControl",
      "location" : "https://github.com/rarestype/h",
      "state" : {
        "revision" : "aa3626829160917d4378330617971977cbd78f5b",
        "version" : "1.0.1"
      }
    },
    {
      "identity" : "swift-png",
      "kind" : "remoteSourceControl",
      "location" : "https://github.com/tayloraswift/swift-png",
      "state" : {
        "revision" : "8a0bcd4df5e4b307c804937776a56dd6ecdf6396",
        "version" : "4.5.1"
      }
    }
  ],
  "version" : 3
}
